
Microsoft Visual Studio Solution File, Format Version 12.00
# Visual Studio 14
VisualStudioVersion = 14.0.25123.0
MinimumVisualStudioVersion = 10.0.40219.1
Project("{FAE04EC0-301F-11D3-BF4B-00C04F79EFBC}") = "ZumeroDataGrid.Droid", "ZumeroDataGrid\ZumeroDataGrid.Droid\ZumeroDataGrid.Droid.csproj", "{E1730D87-11AF-4058-8A59-09E4A91DA8C1}"
EndProject
Project("{FAE04EC0-301F-11D3-BF4B-00C04F79EFBC}") = "ZumeroDataGrid.iOS", "ZumeroDataGrid\ZumeroDataGrid.iOS\ZumeroDataGrid.iOS.csproj", "{6DA7C9C0-0D59-4AC5-AB83-905C47712B26}"
EndProject
Project("{FAE04EC0-301F-11D3-BF4B-00C04F79EFBC}") = "ZumeroDataGrid.WinPhone", "ZumeroDataGrid\ZumeroDataGrid.WinPhone\ZumeroDataGrid.WinPhone.csproj", "{418FF3D3-A91C-4193-9A19-35750054BB26}"
EndProject
Project("{FAE04EC0-301F-11D3-BF4B-00C04F79EFBC}") = "ZumeroDataGrid.Windows", "ZumeroDataGrid\ZumeroDataGrid.Windows\ZumeroDataGrid.Windows.csproj", "{B27A0FDD-C1FA-446C-8983-972B88BFBB31}"
EndProject
Project("{FAE04EC0-301F-11D3-BF4B-00C04F79EFBC}") = "ZumeroDataGrid", "ZumeroDataGrid\ZumeroDataGrid\ZumeroDataGrid.csproj", "{1264462A-8F1E-4252-8A87-2B38E52364D9}"
EndProject
Global
	GlobalSection(SolutionConfigurationPlatforms) = preSolution
		Ad-Hoc|Any CPU = Ad-Hoc|Any CPU
		Ad-Hoc|ARM = Ad-Hoc|ARM
		Ad-Hoc|iPhone = Ad-Hoc|iPhone
		Ad-Hoc|iPhoneSimulator = Ad-Hoc|iPhoneSimulator
		Ad-Hoc|x64 = Ad-Hoc|x64
		Ad-Hoc|x86 = Ad-Hoc|x86
		AppStore|Any CPU = AppStore|Any CPU
		AppStore|ARM = AppStore|ARM
		AppStore|iPhone = AppStore|iPhone
		AppStore|iPhoneSimulator = AppStore|iPhoneSimulator
		AppStore|x64 = AppStore|x64
		AppStore|x86 = AppStore|x86
		Debug|Any CPU = Debug|Any CPU
		Debug|ARM = Debug|ARM
		Debug|iPhone = Debug|iPhone
		Debug|iPhoneSimulator = Debug|iPhoneSimulator
		Debug|x64 = Debug|x64
		Debug|x86 = Debug|x86
		Release|Any CPU = Release|Any CPU
		Release|ARM = Release|ARM
		Release|iPhone = Release|iPhone
		Release|iPhoneSimulator = Release|iPhoneSimulator
		Release|x64 = Release|x64
		Release|x86 = Release|x86
	EndGlobalSection
	GlobalSection(ProjectConfigurationPlatforms) = postSolution
		{E1730D87-11AF-4058-8A59-09E4A91DA8C1}.Ad-Hoc|Any CPU.ActiveCfg = Release|Any CPU
		{E1730D87-11AF-4058-8A59-09E4A91DA8C1}.Ad-Hoc|Any CPU.Build.0 = Release|Any CPU
		{E1730D87-11AF-4058-8A59-09E4A91DA8C1}.Ad-Hoc|Any CPU.Deploy.0 = Release|Any CPU
		{E1730D87-11AF-4058-8A59-09E4A91DA8C1}.Ad-Hoc|ARM.ActiveCfg = Release|Any CPU
		{E1730D87-11AF-4058-8A59-09E4A91DA8C1}.Ad-Hoc|ARM.Build.0 = Release|Any CPU
		{E1730D87-11AF-4058-8A59-09E4A91DA8C1}.Ad-Hoc|ARM.Deploy.0 = Release|Any CPU
		{E1730D87-11AF-4058-8A59-09E4A91DA8C1}.Ad-Hoc|iPhone.ActiveCfg = Release|Any CPU
		{E1730D87-11AF-4058-8A59-09E4A91DA8C1}.Ad-Hoc|iPhone.Build.0 = Release|Any CPU
		{E1730D87-11AF-4058-8A59-09E4A91DA8C1}.Ad-Hoc|iPhone.Deploy.0 = Release|Any CPU
		{E1730D87-11AF-4058-8A59-09E4A91DA8C1}.Ad-Hoc|iPhoneSimulator.ActiveCfg = Release|Any CPU
		{E1730D87-11AF-4058-8A59-09E4A91DA8C1}.Ad-Hoc|iPhoneSimulator.Build.0 = Release|Any CPU
		{E1730D87-11AF-4058-8A59-09E4A91DA8C1}.Ad-Hoc|iPhoneSimulator.Deploy.0 = Release|Any CPU
		{E1730D87-11AF-4058-8A59-09E4A91DA8C1}.Ad-Hoc|x64.ActiveCfg = Release|Any CPU
		{E1730D87-11AF-4058-8A59-09E4A91DA8C1}.Ad-Hoc|x64.Build.0 = Release|Any CPU
		{E1730D87-11AF-4058-8A59-09E4A91DA8C1}.Ad-Hoc|x64.Deploy.0 = Release|Any CPU
		{E1730D87-11AF-4058-8A59-09E4A91DA8C1}.Ad-Hoc|x86.ActiveCfg = Release|Any CPU
		{E1730D87-11AF-4058-8A59-09E4A91DA8C1}.Ad-Hoc|x86.Build.0 = Release|Any CPU
		{E1730D87-11AF-4058-8A59-09E4A91DA8C1}.Ad-Hoc|x86.Deploy.0 = Release|Any CPU
		{E1730D87-11AF-4058-8A59-09E4A91DA8C1}.AppStore|Any CPU.ActiveCfg = Release|Any CPU
		{E1730D87-11AF-4058-8A59-09E4A91DA8C1}.AppStore|Any CPU.Build.0 = Release|Any CPU
		{E1730D87-11AF-4058-8A59-09E4A91DA8C1}.AppStore|Any CPU.Deploy.0 = Release|Any CPU
		{E1730D87-11AF-4058-8A59-09E4A91DA8C1}.AppStore|ARM.ActiveCfg = Release|Any CPU
		{E1730D87-11AF-4058-8A59-09E4A91DA8C1}.AppStore|ARM.Build.0 = Release|Any CPU
		{E1730D87-11AF-4058-8A59-09E4A91DA8C1}.AppStore|ARM.Deploy.0 = Release|Any CPU
		{E1730D87-11AF-4058-8A59-09E4A91DA8C1}.AppStore|iPhone.ActiveCfg = Release|Any CPU
		{E1730D87-11AF-4058-8A59-09E4A91DA8C1}.AppStore|iPhone.Build.0 = Release|Any CPU
		{E1730D87-11AF-4058-8A59-09E4A91DA8C1}.AppStore|iPhone.Deploy.0 = Release|Any CPU
		{E1730D87-11AF-4058-8A59-09E4A91DA8C1}.AppStore|iPhoneSimulator.ActiveCfg = Release|Any CPU
		{E1730D87-11AF-4058-8A59-09E4A91DA8C1}.AppStore|iPhoneSimulator.Build.0 = Release|Any CPU
		{E1730D87-11AF-4058-8A59-09E4A91DA8C1}.AppStore|iPhoneSimulator.Deploy.0 = Release|Any CPU
		{E1730D87-11AF-4058-8A59-09E4A91DA8C1}.AppStore|x64.ActiveCfg = Release|Any CPU
		{E1730D87-11AF-4058-8A59-09E4A91DA8C1}.AppStore|x64.Build.0 = Release|Any CPU
		{E1730D87-11AF-4058-8A59-09E4A91DA8C1}.AppStore|x64.Deploy.0 = Release|Any CPU
		{E1730D87-11AF-4058-8A59-09E4A91DA8C1}.AppStore|x86.ActiveCfg = Release|Any CPU
		{E1730D87-11AF-4058-8A59-09E4A91DA8C1}.AppStore|x86.Build.0 = Release|Any CPU
		{E1730D87-11AF-4058-8A59-09E4A91DA8C1}.AppStore|x86.Deploy.0 = Release|Any CPU
		{E1730D87-11AF-4058-8A59-09E4A91DA8C1}.Debug|Any CPU.ActiveCfg = Debug|Any CPU
		{E1730D87-11AF-4058-8A59-09E4A91DA8C1}.Debug|Any CPU.Build.0 = Debug|Any CPU
		{E1730D87-11AF-4058-8A59-09E4A91DA8C1}.Debug|Any CPU.Deploy.0 = Debug|Any CPU
		{E1730D87-11AF-4058-8A59-09E4A91DA8C1}.Debug|ARM.ActiveCfg = Debug|Any CPU
		{E1730D87-11AF-4058-8A59-09E4A91DA8C1}.Debug|ARM.Build.0 = Debug|Any CPU
		{E1730D87-11AF-4058-8A59-09E4A91DA8C1}.Debug|ARM.Deploy.0 = Debug|Any CPU
		{E1730D87-11AF-4058-8A59-09E4A91DA8C1}.Debug|iPhone.ActiveCfg = Debug|Any CPU
		{E1730D87-11AF-4058-8A59-09E4A91DA8C1}.Debug|iPhone.Build.0 = Debug|Any CPU
		{E1730D87-11AF-4058-8A59-09E4A91DA8C1}.Debug|iPhone.Deploy.0 = Debug|Any CPU
		{E1730D87-11AF-4058-8A59-09E4A91DA8C1}.Debug|iPhoneSimulator.ActiveCfg = Debug|Any CPU
		{E1730D87-11AF-4058-8A59-09E4A91DA8C1}.Debug|iPhoneSimulator.Build.0 = Debug|Any CPU
		{E1730D87-11AF-4058-8A59-09E4A91DA8C1}.Debug|iPhoneSimulator.Deploy.0 = Debug|Any CPU
		{E1730D87-11AF-4058-8A59-09E4A91DA8C1}.Debug|x64.ActiveCfg = Debug|Any CPU
		{E1730D87-11AF-4058-8A59-09E4A91DA8C1}.Debug|x64.Build.0 = Debug|Any CPU
		{E1730D87-11AF-4058-8A59-09E4A91DA8C1}.Debug|x64.Deploy.0 = Debug|Any CPU
		{E1730D87-11AF-4058-8A59-09E4A91DA8C1}.Debug|x86.ActiveCfg = Debug|Any CPU
		{E1730D87-11AF-4058-8A59-09E4A91DA8C1}.Debug|x86.Build.0 = Debug|Any CPU
		{E1730D87-11AF-4058-8A59-09E4A91DA8C1}.Debug|x86.Deploy.0 = Debug|Any CPU
		{E1730D87-11AF-4058-8A59-09E4A91DA8C1}.Release|Any CPU.ActiveCfg = Release|Any CPU
		{E1730D87-11AF-4058-8A59-09E4A91DA8C1}.Release|Any CPU.Build.0 = Release|Any CPU
		{E1730D87-11AF-4058-8A59-09E4A91DA8C1}.Release|Any CPU.Deploy.0 = Release|Any CPU
		{E1730D87-11AF-4058-8A59-09E4A91DA8C1}.Release|ARM.ActiveCfg = Release|Any CPU
		{E1730D87-11AF-4058-8A59-09E4A91DA8C1}.Release|ARM.Build.0 = Release|Any CPU
		{E1730D87-11AF-4058-8A59-09E4A91DA8C1}.Release|ARM.Deploy.0 = Release|Any CPU
		{E1730D87-11AF-4058-8A59-09E4A91DA8C1}.Release|iPhone.ActiveCfg = Release|Any CPU
		{E1730D87-11AF-4058-8A59-09E4A91DA8C1}.Release|iPhone.Build.0 = Release|Any CPU
		{E1730D87-11AF-4058-8A59-09E4A91DA8C1}.Release|iPhone.Deploy.0 = Release|Any CPU
		{E1730D87-11AF-4058-8A59-09E4A91DA8C1}.Release|iPhoneSimulator.ActiveCfg = Release|Any CPU
		{E1730D87-11AF-4058-8A59-09E4A91DA8C1}.Release|iPhoneSimulator.Build.0 = Release|Any CPU
		{E1730D87-11AF-4058-8A59-09E4A91DA8C1}.Release|iPhoneSimulator.Deploy.0 = Release|Any CPU
		{E1730D87-11AF-4058-8A59-09E4A91DA8C1}.Release|x64.ActiveCfg = Release|Any CPU
		{E1730D87-11AF-4058-8A59-09E4A91DA8C1}.Release|x64.Build.0 = Release|Any CPU
		{E1730D87-11AF-4058-8A59-09E4A91DA8C1}.Release|x64.Deploy.0 = Release|Any CPU
		{E1730D87-11AF-4058-8A59-09E4A91DA8C1}.Release|x86.ActiveCfg = Release|Any CPU
		{E1730D87-11AF-4058-8A59-09E4A91DA8C1}.Release|x86.Build.0 = Release|Any CPU
		{E1730D87-11AF-4058-8A59-09E4A91DA8C1}.Release|x86.Deploy.0 = Release|Any CPU
		{6DA7C9C0-0D59-4AC5-AB83-905C47712B26}.Ad-Hoc|Any CPU.ActiveCfg = Ad-Hoc|iPhone
		{6DA7C9C0-0D59-4AC5-AB83-905C47712B26}.Ad-Hoc|ARM.ActiveCfg = Ad-Hoc|iPhone
		{6DA7C9C0-0D59-4AC5-AB83-905C47712B26}.Ad-Hoc|iPhone.ActiveCfg = Ad-Hoc|iPhone
		{6DA7C9C0-0D59-4AC5-AB83-905C47712B26}.Ad-Hoc|iPhone.Build.0 = Ad-Hoc|iPhone
		{6DA7C9C0-0D59-4AC5-AB83-905C47712B26}.Ad-Hoc|iPhoneSimulator.ActiveCfg = Ad-Hoc|iPhoneSimulator
		{6DA7C9C0-0D59-4AC5-AB83-905C47712B26}.Ad-Hoc|iPhoneSimulator.Build.0 = Ad-Hoc|iPhoneSimulator
		{6DA7C9C0-0D59-4AC5-AB83-905C47712B26}.Ad-Hoc|x64.ActiveCfg = Ad-Hoc|iPhone
		{6DA7C9C0-0D59-4AC5-AB83-905C47712B26}.Ad-Hoc|x86.ActiveCfg = Ad-Hoc|iPhone
		{6DA7C9C0-0D59-4AC5-AB83-905C47712B26}.AppStore|Any CPU.ActiveCfg = AppStore|iPhone
		{6DA7C9C0-0D59-4AC5-AB83-905C47712B26}.AppStore|ARM.ActiveCfg = AppStore|iPhone
		{6DA7C9C0-0D59-4AC5-AB83-905C47712B26}.AppStore|iPhone.ActiveCfg = AppStore|iPhone
		{6DA7C9C0-0D59-4AC5-AB83-905C47712B26}.AppStore|iPhone.Build.0 = AppStore|iPhone
		{6DA7C9C0-0D59-4AC5-AB83-905C47712B26}.AppStore|iPhoneSimulator.ActiveCfg = AppStore|iPhoneSimulator
		{6DA7C9C0-0D59-4AC5-AB83-905C47712B26}.AppStore|iPhoneSimulator.Build.0 = AppStore|iPhoneSimulator
		{6DA7C9C0-0D59-4AC5-AB83-905C47712B26}.AppStore|x64.ActiveCfg = AppStore|iPhone
		{6DA7C9C0-0D59-4AC5-AB83-905C47712B26}.AppStore|x86.ActiveCfg = AppStore|iPhone
		{6DA7C9C0-0D59-4AC5-AB83-905C47712B26}.Debug|Any CPU.ActiveCfg = Debug|iPhone
		{6DA7C9C0-0D59-4AC5-AB83-905C47712B26}.Debug|ARM.ActiveCfg = Debug|iPhone
		{6DA7C9C0-0D59-4AC5-AB83-905C47712B26}.Debug|iPhone.ActiveCfg = Debug|iPhone
		{6DA7C9C0-0D59-4AC5-AB83-905C47712B26}.Debug|iPhone.Build.0 = Debug|iPhone
		{6DA7C9C0-0D59-4AC5-AB83-905C47712B26}.Debug|iPhoneSimulator.ActiveCfg = Debug|iPhoneSimulator
		{6DA7C9C0-0D59-4AC5-AB83-905C47712B26}.Debug|iPhoneSimulator.Build.0 = Debug|iPhoneSimulator
		{6DA7C9C0-0D59-4AC5-AB83-905C47712B26}.Debug|x64.ActiveCfg = Debug|iPhone
		{6DA7C9C0-0D59-4AC5-AB83-905C47712B26}.Debug|x86.ActiveCfg = Debug|iPhone
		{6DA7C9C0-0D59-4AC5-AB83-905C47712B26}.Release|Any CPU.ActiveCfg = Release|iPhone
		{6DA7C9C0-0D59-4AC5-AB83-905C47712B26}.Release|ARM.ActiveCfg = Release|iPhone
		{6DA7C9C0-0D59-4AC5-AB83-905C47712B26}.Release|iPhone.ActiveCfg = Release|iPhone
		{6DA7C9C0-0D59-4AC5-AB83-905C47712B26}.Release|iPhone.Build.0 = Release|iPhone
		{6DA7C9C0-0D59-4AC5-AB83-905C47712B26}.Release|iPhoneSimulator.ActiveCfg = Release|iPhoneSimulator
		{6DA7C9C0-0D59-4AC5-AB83-905C47712B26}.Release|iPhoneSimulator.Build.0 = Release|iPhoneSimulator
		{6DA7C9C0-0D59-4AC5-AB83-905C47712B26}.Release|x64.ActiveCfg = Release|iPhone
		{6DA7C9C0-0D59-4AC5-AB83-905C47712B26}.Release|x86.ActiveCfg = Release|iPhone
		{418FF3D3-A91C-4193-9A19-35750054BB26}.Ad-Hoc|Any CPU.ActiveCfg = Release|Any CPU
		{418FF3D3-A91C-4193-9A19-35750054BB26}.Ad-Hoc|Any CPU.Build.0 = Release|Any CPU
		{418FF3D3-A91C-4193-9A19-35750054BB26}.Ad-Hoc|Any CPU.Deploy.0 = Release|Any CPU
		{418FF3D3-A91C-4193-9A19-35750054BB26}.Ad-Hoc|ARM.ActiveCfg = Release|ARM
		{418FF3D3-A91C-4193-9A19-35750054BB26}.Ad-Hoc|ARM.Build.0 = Release|ARM
		{418FF3D3-A91C-4193-9A19-35750054BB26}.Ad-Hoc|ARM.Deploy.0 = Release|ARM
		{418FF3D3-A91C-4193-9A19-35750054BB26}.Ad-Hoc|iPhone.ActiveCfg = Release|Any CPU
		{418FF3D3-A91C-4193-9A19-35750054BB26}.Ad-Hoc|iPhone.Build.0 = Release|Any CPU
		{418FF3D3-A91C-4193-9A19-35750054BB26}.Ad-Hoc|iPhone.Deploy.0 = Release|Any CPU
		{418FF3D3-A91C-4193-9A19-35750054BB26}.Ad-Hoc|iPhoneSimulator.ActiveCfg = Release|Any CPU
		{418FF3D3-A91C-4193-9A19-35750054BB26}.Ad-Hoc|iPhoneSimulator.Build.0 = Release|Any CPU
		{418FF3D3-A91C-4193-9A19-35750054BB26}.Ad-Hoc|iPhoneSimulator.Deploy.0 = Release|Any CPU
		{418FF3D3-A91C-4193-9A19-35750054BB26}.Ad-Hoc|x64.ActiveCfg = Release|Any CPU
		{418FF3D3-A91C-4193-9A19-35750054BB26}.Ad-Hoc|x64.Build.0 = Release|Any CPU
		{418FF3D3-A91C-4193-9A19-35750054BB26}.Ad-Hoc|x64.Deploy.0 = Release|Any CPU
		{418FF3D3-A91C-4193-9A19-35750054BB26}.Ad-Hoc|x86.ActiveCfg = Release|x86
		{418FF3D3-A91C-4193-9A19-35750054BB26}.Ad-Hoc|x86.Build.0 = Release|x86
		{418FF3D3-A91C-4193-9A19-35750054BB26}.Ad-Hoc|x86.Deploy.0 = Release|x86
		{418FF3D3-A91C-4193-9A19-35750054BB26}.AppStore|Any CPU.ActiveCfg = Release|Any CPU
		{418FF3D3-A91C-4193-9A19-35750054BB26}.AppStore|Any CPU.Build.0 = Release|Any CPU
		{418FF3D3-A91C-4193-9A19-35750054BB26}.AppStore|Any CPU.Deploy.0 = Release|Any CPU
		{418FF3D3-A91C-4193-9A19-35750054BB26}.AppStore|ARM.ActiveCfg = Release|ARM
		{418FF3D3-A91C-4193-9A19-35750054BB26}.AppStore|ARM.Build.0 = Release|ARM
		{418FF3D3-A91C-4193-9A19-35750054BB26}.AppStore|ARM.Deploy.0 = Release|ARM
		{418FF3D3-A91C-4193-9A19-35750054BB26}.AppStore|iPhone.ActiveCfg = Release|Any CPU
		{418FF3D3-A91C-4193-9A19-35750054BB26}.AppStore|iPhone.Build.0 = Release|Any CPU
		{418FF3D3-A91C-4193-9A19-35750054BB26}.AppStore|iPhone.Deploy.0 = Release|Any CPU
		{418FF3D3-A91C-4193-9A19-35750054BB26}.AppStore|iPhoneSimulator.ActiveCfg = Release|Any CPU
		{418FF3D3-A91C-4193-9A19-35750054BB26}.AppStore|iPhoneSimulator.Build.0 = Release|Any CPU
		{418FF3D3-A91C-4193-9A19-35750054BB26}.AppStore|iPhoneSimulator.Deploy.0 = Release|Any CPU
		{418FF3D3-A91C-4193-9A19-35750054BB26}.AppStore|x64.ActiveCfg = Release|Any CPU
		{418FF3D3-A91C-4193-9A19-35750054BB26}.AppStore|x64.Build.0 = Release|Any CPU
		{418FF3D3-A91C-4193-9A19-35750054BB26}.AppStore|x64.Deploy.0 = Release|Any CPU
		{418FF3D3-A91C-4193-9A19-35750054BB26}.AppStore|x86.ActiveCfg = Release|x86
		{418FF3D3-A91C-4193-9A19-35750054BB26}.AppStore|x86.Build.0 = Release|x86
		{418FF3D3-A91C-4193-9A19-35750054BB26}.AppStore|x86.Deploy.0 = Release|x86
		{418FF3D3-A91C-4193-9A19-35750054BB26}.Debug|Any CPU.ActiveCfg = Debug|Any CPU
		{418FF3D3-A91C-4193-9A19-35750054BB26}.Debug|Any CPU.Build.0 = Debug|Any CPU
		{418FF3D3-A91C-4193-9A19-35750054BB26}.Debug|Any CPU.Deploy.0 = Debug|Any CPU
		{418FF3D3-A91C-4193-9A19-35750054BB26}.Debug|ARM.ActiveCfg = Debug|ARM
		{418FF3D3-A91C-4193-9A19-35750054BB26}.Debug|ARM.Build.0 = Debug|ARM
		{418FF3D3-A91C-4193-9A19-35750054BB26}.Debug|ARM.Deploy.0 = Debug|ARM
		{418FF3D3-A91C-4193-9A19-35750054BB26}.Debug|iPhone.ActiveCfg = Debug|Any CPU
		{418FF3D3-A91C-4193-9A19-35750054BB26}.Debug|iPhone.Build.0 = Debug|Any CPU
		{418FF3D3-A91C-4193-9A19-35750054BB26}.Debug|iPhone.Deploy.0 = Debug|Any CPU
		{418FF3D3-A91C-4193-9A19-35750054BB26}.Debug|iPhoneSimulator.ActiveCfg = Debug|Any CPU
		{418FF3D3-A91C-4193-9A19-35750054BB26}.Debug|iPhoneSimulator.Build.0 = Debug|Any CPU
		{418FF3D3-A91C-4193-9A19-35750054BB26}.Debug|iPhoneSimulator.Deploy.0 = Debug|Any CPU
		{418FF3D3-A91C-4193-9A19-35750054BB26}.Debug|x64.ActiveCfg = Debug|Any CPU
		{418FF3D3-A91C-4193-9A19-35750054BB26}.Debug|x64.Build.0 = Debug|Any CPU
		{418FF3D3-A91C-4193-9A19-35750054BB26}.Debug|x64.Deploy.0 = Debug|Any CPU
		{418FF3D3-A91C-4193-9A19-35750054BB26}.Debug|x86.ActiveCfg = Debug|x86
		{418FF3D3-A91C-4193-9A19-35750054BB26}.Debug|x86.Build.0 = Debug|x86
		{418FF3D3-A91C-4193-9A19-35750054BB26}.Debug|x86.Deploy.0 = Debug|x86
		{418FF3D3-A91C-4193-9A19-35750054BB26}.Release|Any CPU.ActiveCfg = Release|Any CPU
		{418FF3D3-A91C-4193-9A19-35750054BB26}.Release|Any CPU.Build.0 = Release|Any CPU
		{418FF3D3-A91C-4193-9A19-35750054BB26}.Release|Any CPU.Deploy.0 = Release|Any CPU
		{418FF3D3-A91C-4193-9A19-35750054BB26}.Release|ARM.ActiveCfg = Release|ARM
		{418FF3D3-A91C-4193-9A19-35750054BB26}.Release|ARM.Build.0 = Release|ARM
		{418FF3D3-A91C-4193-9A19-35750054BB26}.Release|ARM.Deploy.0 = Release|ARM
		{418FF3D3-A91C-4193-9A19-35750054BB26}.Release|iPhone.ActiveCfg = Release|Any CPU
		{418FF3D3-A91C-4193-9A19-35750054BB26}.Release|iPhone.Build.0 = Release|Any CPU
		{418FF3D3-A91C-4193-9A19-35750054BB26}.Release|iPhone.Deploy.0 = Release|Any CPU
		{418FF3D3-A91C-4193-9A19-35750054BB26}.Release|iPhoneSimulator.ActiveCfg = Release|Any CPU
		{418FF3D3-A91C-4193-9A19-35750054BB26}.Release|iPhoneSimulator.Build.0 = Release|Any CPU
		{418FF3D3-A91C-4193-9A19-35750054BB26}.Release|iPhoneSimulator.Deploy.0 = Release|Any CPU
		{418FF3D3-A91C-4193-9A19-35750054BB26}.Release|x64.ActiveCfg = Release|Any CPU
		{418FF3D3-A91C-4193-9A19-35750054BB26}.Release|x64.Build.0 = Release|Any CPU
		{418FF3D3-A91C-4193-9A19-35750054BB26}.Release|x64.Deploy.0 = Release|Any CPU
		{418FF3D3-A91C-4193-9A19-35750054BB26}.Release|x86.ActiveCfg = Release|x86
		{418FF3D3-A91C-4193-9A19-35750054BB26}.Release|x86.Build.0 = Release|x86
		{418FF3D3-A91C-4193-9A19-35750054BB26}.Release|x86.Deploy.0 = Release|x86
		{B27A0FDD-C1FA-446C-8983-972B88BFBB31}.Ad-Hoc|Any CPU.ActiveCfg = Release|Any CPU
		{B27A0FDD-C1FA-446C-8983-972B88BFBB31}.Ad-Hoc|Any CPU.Build.0 = Release|Any CPU
		{B27A0FDD-C1FA-446C-8983-972B88BFBB31}.Ad-Hoc|Any CPU.Deploy.0 = Release|Any CPU
		{B27A0FDD-C1FA-446C-8983-972B88BFBB31}.Ad-Hoc|ARM.ActiveCfg = Release|ARM
		{B27A0FDD-C1FA-446C-8983-972B88BFBB31}.Ad-Hoc|ARM.Build.0 = Release|ARM
		{B27A0FDD-C1FA-446C-8983-972B88BFBB31}.Ad-Hoc|ARM.Deploy.0 = Release|ARM
		{B27A0FDD-C1FA-446C-8983-972B88BFBB31}.Ad-Hoc|iPhone.ActiveCfg = Release|Any CPU
		{B27A0FDD-C1FA-446C-8983-972B88BFBB31}.Ad-Hoc|iPhone.Build.0 = Release|Any CPU
		{B27A0FDD-C1FA-446C-8983-972B88BFBB31}.Ad-Hoc|iPhone.Deploy.0 = Release|Any CPU
		{B27A0FDD-C1FA-446C-8983-972B88BFBB31}.Ad-Hoc|iPhoneSimulator.ActiveCfg = Release|Any CPU
		{B27A0FDD-C1FA-446C-8983-972B88BFBB31}.Ad-Hoc|iPhoneSimulator.Build.0 = Release|Any CPU
		{B27A0FDD-C1FA-446C-8983-972B88BFBB31}.Ad-Hoc|iPhoneSimulator.Deploy.0 = Release|Any CPU
		{B27A0FDD-C1FA-446C-8983-972B88BFBB31}.Ad-Hoc|x64.ActiveCfg = Release|x64
		{B27A0FDD-C1FA-446C-8983-972B88BFBB31}.Ad-Hoc|x64.Build.0 = Release|x64
		{B27A0FDD-C1FA-446C-8983-972B88BFBB31}.Ad-Hoc|x64.Deploy.0 = Release|x64
		{B27A0FDD-C1FA-446C-8983-972B88BFBB31}.Ad-Hoc|x86.ActiveCfg = Release|x86
		{B27A0FDD-C1FA-446C-8983-972B88BFBB31}.Ad-Hoc|x86.Build.0 = Release|x86
		{B27A0FDD-C1FA-446C-8983-972B88BFBB31}.Ad-Hoc|x86.Deploy.0 = Release|x86
		{B27A0FDD-C1FA-446C-8983-972B88BFBB31}.AppStore|Any CPU.ActiveCfg = Release|Any CPU
		{B27A0FDD-C1FA-446C-8983-972B88BFBB31}.AppStore|Any CPU.Build.0 = Release|Any CPU
		{B27A0FDD-C1FA-446C-8983-972B88BFBB31}.AppStore|Any CPU.Deploy.0 = Release|Any CPU
		{B27A0FDD-C1FA-446C-8983-972B88BFBB31}.AppStore|ARM.ActiveCfg = Release|ARM
		{B27A0FDD-C1FA-446C-8983-972B88BFBB31}.AppStore|ARM.Build.0 = Release|ARM
		{B27A0FDD-C1FA-446C-8983-972B88BFBB31}.AppStore|ARM.Deploy.0 = Release|ARM
		{B27A0FDD-C1FA-446C-8983-972B88BFBB31}.AppStore|iPhone.ActiveCfg = Release|Any CPU
		{B27A0FDD-C1FA-446C-8983-972B88BFBB31}.AppStore|iPhone.Build.0 = Release|Any CPU
		{B27A0FDD-C1FA-446C-8983-972B88BFBB31}.AppStore|iPhone.Deploy.0 = Release|Any CPU
		{B27A0FDD-C1FA-446C-8983-972B88BFBB31}.AppStore|iPhoneSimulator.ActiveCfg = Release|Any CPU
		{B27A0FDD-C1FA-446C-8983-972B88BFBB31}.AppStore|iPhoneSimulator.Build.0 = Release|Any CPU
		{B27A0FDD-C1FA-446C-8983-972B88BFBB31}.AppStore|iPhoneSimulator.Deploy.0 = Release|Any CPU
		{B27A0FDD-C1FA-446C-8983-972B88BFBB31}.AppStore|x64.ActiveCfg = Release|x64
		{B27A0FDD-C1FA-446C-8983-972B88BFBB31}.AppStore|x64.Build.0 = Release|x64
		{B27A0FDD-C1FA-446C-8983-972B88BFBB31}.AppStore|x64.Deploy.0 = Release|x64
		{B27A0FDD-C1FA-446C-8983-972B88BFBB31}.AppStore|x86.ActiveCfg = Release|x86
		{B27A0FDD-C1FA-446C-8983-972B88BFBB31}.AppStore|x86.Build.0 = Release|x86
		{B27A0FDD-C1FA-446C-8983-972B88BFBB31}.AppStore|x86.Deploy.0 = Release|x86
		{B27A0FDD-C1FA-446C-8983-972B88BFBB31}.Debug|Any CPU.ActiveCfg = Debug|Any CPU
		{B27A0FDD-C1FA-446C-8983-972B88BFBB31}.Debug|Any CPU.Build.0 = Debug|Any CPU
		{B27A0FDD-C1FA-446C-8983-972B88BFBB31}.Debug|Any CPU.Deploy.0 = Debug|Any CPU
		{B27A0FDD-C1FA-446C-8983-972B88BFBB31}.Debug|ARM.ActiveCfg = Debug|ARM
		{B27A0FDD-C1FA-446C-8983-972B88BFBB31}.Debug|ARM.Build.0 = Debug|ARM
		{B27A0FDD-C1FA-446C-8983-972B88BFBB31}.Debug|ARM.Deploy.0 = Debug|ARM
		{B27A0FDD-C1FA-446C-8983-972B88BFBB31}.Debug|iPhone.ActiveCfg = Debug|Any CPU
		{B27A0FDD-C1FA-446C-8983-972B88BFBB31}.Debug|iPhone.Build.0 = Debug|Any CPU
		{B27A0FDD-C1FA-446C-8983-972B88BFBB31}.Debug|iPhone.Deploy.0 = Debug|Any CPU
		{B27A0FDD-C1FA-446C-8983-972B88BFBB31}.Debug|iPhoneSimulator.ActiveCfg = Debug|Any CPU
		{B27A0FDD-C1FA-446C-8983-972B88BFBB31}.Debug|iPhoneSimulator.Build.0 = Debug|Any CPU
		{B27A0FDD-C1FA-446C-8983-972B88BFBB31}.Debug|iPhoneSimulator.Deploy.0 = Debug|Any CPU
		{B27A0FDD-C1FA-446C-8983-972B88BFBB31}.Debug|x64.ActiveCfg = Debug|x64
		{B27A0FDD-C1FA-446C-8983-972B88BFBB31}.Debug|x64.Build.0 = Debug|x64
		{B27A0FDD-C1FA-446C-8983-972B88BFBB31}.Debug|x64.Deploy.0 = Debug|x64
		{B27A0FDD-C1FA-446C-8983-972B88BFBB31}.Debug|x86.ActiveCfg = Debug|x86
		{B27A0FDD-C1FA-446C-8983-972B88BFBB31}.Debug|x86.Build.0 = Debug|x86
		{B27A0FDD-C1FA-446C-8983-972B88BFBB31}.Debug|x86.Deploy.0 = Debug|x86
		{B27A0FDD-C1FA-446C-8983-972B88BFBB31}.Release|Any CPU.ActiveCfg = Release|Any CPU
		{B27A0FDD-C1FA-446C-8983-972B88BFBB31}.Release|Any CPU.Build.0 = Release|Any CPU
		{B27A0FDD-C1FA-446C-8983-972B88BFBB31}.Release|Any CPU.Deploy.0 = Release|Any CPU
		{B27A0FDD-C1FA-446C-8983-972B88BFBB31}.Release|ARM.ActiveCfg = Release|ARM
		{B27A0FDD-C1FA-446C-8983-972B88BFBB31}.Release|ARM.Build.0 = Release|ARM
		{B27A0FDD-C1FA-446C-8983-972B88BFBB31}.Release|ARM.Deploy.0 = Release|ARM
		{B27A0FDD-C1FA-446C-8983-972B88BFBB31}.Release|iPhone.ActiveCfg = Release|Any CPU
		{B27A0FDD-C1FA-446C-8983-972B88BFBB31}.Release|iPhone.Build.0 = Release|Any CPU
		{B27A0FDD-C1FA-446C-8983-972B88BFBB31}.Release|iPhone.Deploy.0 = Release|Any CPU
		{B27A0FDD-C1FA-446C-8983-972B88BFBB31}.Release|iPhoneSimulator.ActiveCfg = Release|Any CPU
		{B27A0FDD-C1FA-446C-8983-972B88BFBB31}.Release|iPhoneSimulator.Build.0 = Release|Any CPU
		{B27A0FDD-C1FA-446C-8983-972B88BFBB31}.Release|iPhoneSimulator.Deploy.0 = Release|Any CPU
		{B27A0FDD-C1FA-446C-8983-972B88BFBB31}.Release|x64.ActiveCfg = Release|x64
		{B27A0FDD-C1FA-446C-8983-972B88BFBB31}.Release|x64.Build.0 = Release|x64
		{B27A0FDD-C1FA-446C-8983-972B88BFBB31}.Release|x64.Deploy.0 = Release|x64
		{B27A0FDD-C1FA-446C-8983-972B88BFBB31}.Release|x86.ActiveCfg = Release|x86
		{B27A0FDD-C1FA-446C-8983-972B88BFBB31}.Release|x86.Build.0 = Release|x86
		{B27A0FDD-C1FA-446C-8983-972B88BFBB31}.Release|x86.Deploy.0 = Release|x86
		{1264462A-8F1E-4252-8A87-2B38E52364D9}.Ad-Hoc|Any CPU.ActiveCfg = Release|Any CPU
		{1264462A-8F1E-4252-8A87-2B38E52364D9}.Ad-Hoc|Any CPU.Build.0 = Release|Any CPU
		{1264462A-8F1E-4252-8A87-2B38E52364D9}.Ad-Hoc|ARM.ActiveCfg = Release|Any CPU
		{1264462A-8F1E-4252-8A87-2B38E52364D9}.Ad-Hoc|ARM.Build.0 = Release|Any CPU
		{1264462A-8F1E-4252-8A87-2B38E52364D9}.Ad-Hoc|iPhone.ActiveCfg = Release|Any CPU
		{1264462A-8F1E-4252-8A87-2B38E52364D9}.Ad-Hoc|iPhone.Build.0 = Release|Any CPU
		{1264462A-8F1E-4252-8A87-2B38E52364D9}.Ad-Hoc|iPhoneSimulator.ActiveCfg = Release|Any CPU
		{1264462A-8F1E-4252-8A87-2B38E52364D9}.Ad-Hoc|iPhoneSimulator.Build.0 = Release|Any CPU
		{1264462A-8F1E-4252-8A87-2B38E52364D9}.Ad-Hoc|x64.ActiveCfg = Release|Any CPU
		{1264462A-8F1E-4252-8A87-2B38E52364D9}.Ad-Hoc|x64.Build.0 = Release|Any CPU
		{1264462A-8F1E-4252-8A87-2B38E52364D9}.Ad-Hoc|x86.ActiveCfg = Release|Any CPU
		{1264462A-8F1E-4252-8A87-2B38E52364D9}.Ad-Hoc|x86.Build.0 = Release|Any CPU
		{1264462A-8F1E-4252-8A87-2B38E52364D9}.AppStore|Any CPU.ActiveCfg = Release|Any CPU
		{1264462A-8F1E-4252-8A87-2B38E52364D9}.AppStore|Any CPU.Build.0 = Release|Any CPU
		{1264462A-8F1E-4252-8A87-2B38E52364D9}.AppStore|ARM.ActiveCfg = Release|Any CPU
		{1264462A-8F1E-4252-8A87-2B38E52364D9}.AppStore|ARM.Build.0 = Release|Any CPU
		{1264462A-8F1E-4252-8A87-2B38E52364D9}.AppStore|iPhone.ActiveCfg = Release|Any CPU
		{1264462A-8F1E-4252-8A87-2B38E52364D9}.AppStore|iPhone.Build.0 = Release|Any CPU
		{1264462A-8F1E-4252-8A87-2B38E52364D9}.AppStore|iPhoneSimulator.ActiveCfg = Release|Any CPU
		{1264462A-8F1E-4252-8A87-2B38E52364D9}.AppStore|iPhoneSimulator.Build.0 = Release|Any CPU
		{1264462A-8F1E-4252-8A87-2B38E52364D9}.AppStore|x64.ActiveCfg = Release|Any CPU
		{1264462A-8F1E-4252-8A87-2B38E52364D9}.AppStore|x64.Build.0 = Release|Any CPU
		{1264462A-8F1E-4252-8A87-2B38E52364D9}.AppStore|x86.ActiveCfg = Release|Any CPU
		{1264462A-8F1E-4252-8A87-2B38E52364D9}.AppStore|x86.Build.0 = Release|Any CPU
		{1264462A-8F1E-4252-8A87-2B38E52364D9}.Debug|Any CPU.ActiveCfg = Debug|Any CPU
		{1264462A-8F1E-4252-8A87-2B38E52364D9}.Debug|Any CPU.Build.0 = Debug|Any CPU
		{1264462A-8F1E-4252-8A87-2B38E52364D9}.Debug|ARM.ActiveCfg = Debug|Any CPU
		{1264462A-8F1E-4252-8A87-2B38E52364D9}.Debug|ARM.Build.0 = Debug|Any CPU
		{1264462A-8F1E-4252-8A87-2B38E52364D9}.Debug|iPhone.ActiveCfg = Debug|Any CPU
		{1264462A-8F1E-4252-8A87-2B38E52364D9}.Debug|iPhone.Build.0 = Debug|Any CPU
		{1264462A-8F1E-4252-8A87-2B38E52364D9}.Debug|iPhoneSimulator.ActiveCfg = Debug|Any CPU
		{1264462A-8F1E-4252-8A87-2B38E52364D9}.Debug|iPhoneSimulator.Build.0 = Debug|Any CPU
		{1264462A-8F1E-4252-8A87-2B38E52364D9}.Debug|x64.ActiveCfg = Debug|Any CPU
		{1264462A-8F1E-4252-8A87-2B38E52364D9}.Debug|x64.Build.0 = Debug|Any CPU
		{1264462A-8F1E-4252-8A87-2B38E52364D9}.Debug|x86.ActiveCfg = Debug|Any CPU
		{1264462A-8F1E-4252-8A87-2B38E52364D9}.Debug|x86.Build.0 = Debug|Any CPU
		{1264462A-8F1E-4252-8A87-2B38E52364D9}.Release|Any CPU.ActiveCfg = Release|Any CPU
		{1264462A-8F1E-4252-8A87-2B38E52364D9}.Release|Any CPU.Build.0 = Release|Any CPU
		{1264462A-8F1E-4252-8A87-2B38E52364D9}.Release|ARM.ActiveCfg = Release|Any CPU
		{1264462A-8F1E-4252-8A87-2B38E52364D9}.Release|ARM.Build.0 = Release|Any CPU
		{1264462A-8F1E-4252-8A87-2B38E52364D9}.Release|iPhone.ActiveCfg = Release|Any CPU
		{1264462A-8F1E-4252-8A87-2B38E52364D9}.Release|iPhone.Build.0 = Release|Any CPU
		{1264462A-8F1E-4252-8A87-2B38E52364D9}.Release|iPhoneSimulator.ActiveCfg = Release|Any CPU
		{1264462A-8F1E-4252-8A87-2B38E52364D9}.Release|iPhoneSimulator.Build.0 = Release|Any CPU
		{1264462A-8F1E-4252-8A87-2B38E52364D9}.Release|x64.ActiveCfg = Release|Any CPU
		{1264462A-8F1E-4252-8A87-2B38E52364D9}.Release|x64.Build.0 = Release|Any CPU
		{1264462A-8F1E-4252-8A87-2B38E52364D9}.Release|x86.ActiveCfg = Release|Any CPU
		{1264462A-8F1E-4252-8A87-2B38E52364D9}.Release|x86.Build.0 = Release|Any CPU
	EndGlobalSection
	GlobalSection(SolutionProperties) = preSolution
		HideSolutionNode = FALSE
	EndGlobalSection
EndGlobal
